
Microsoft Visual Studio Solution File, Format Version 12.00
# Visual Studio Version 17
VisualStudioVersion = 17.0.32014.148
MinimumVisualStudioVersion = 10.0.40219.1
Project("{FAE04EC0-301F-11D3-BF4B-00C04F79EFBC}") = "CamelBTC", "CamelBTC\CamelBTC.csproj", "{002CA7E7-208E-47B4-A606-6B661DB1976E}"
EndProject
Global
	GlobalSection(SolutionConfigurationPlatforms) = preSolution
		Debug|Any CPU = Debug|Any CPU
		Release|Any CPU = Release|Any CPU
	EndGlobalSection
	GlobalSection(ProjectConfigurationPlatforms) = postSolution
		{002CA7E7-208E-47B4-A606-6B661DB1976E}.Debug|Any CPU.ActiveCfg = Debug|Any CPU
		{002CA7E7-208E-47B4-A606-6B661DB1976E}.Debug|Any CPU.Build.0 = Debug|Any CPU
		{002CA7E7-208E-47B4-A606-6B661DB1976E}.Release|Any CPU.ActiveCfg = Release|Any CPU
		{002CA7E7-208E-47B4-A606-6B661DB1976E}.Release|Any CPU.Build.0 = Release|Any CPU
	EndGlobalSection
	GlobalSection(SolutionProperties) = preSolution
		HideSolutionNode = FALSE
	EndGlobalSection
	GlobalSection(ExtensibilityGlobals) = postSolution
		SolutionGuid = {AF233A45-305C-4A3B-ABEA-949E8382C2CF}
	EndGlobalSection
EndGlobal
